hash: cf7ad84d521c51119c2403ad7620fd19e25198a00ba33e1fd076036f9431225b
updated: 2017-06-29T18:40:49.642798801Z
imports:
- name: github.com/bobziuchkovski/cue
  version: 852726be06b5c373580e50301c29f53f642f65ec
  subpackages:
  - collector
  - format
- name: github.com/davecgh/go-spew
  version: 04cdfd42973bb9c8589fd6a731800cf222fde1a9
  subpackages:
  - spew
- name: github.com/eapache/go-resiliency
  version: b1fe83b5b03f624450823b751b662259ffc6af70
  subpackages:
  - breaker
- name: github.com/eapache/go-xerial-snappy
  version: bb955e01b9346ac19dc29eb16586c90ded99a98c
- name: github.com/eapache/queue
  version: 44cc805cf13205b55f69e14bcb69867d1ae92f98
- name: github.com/golang/snappy
  version: 553a641470496b2327abcac10b36396bd98e45c9
- name: github.com/pierrec/lz4
  version: 5a3d2245f97fc249850e7802e3c01fad02a1c316
- name: github.com/pierrec/xxHash
  version: 5a004441f897722c627870a981d02b29924215fa
  subpackages:
  - xxHash32
- name: github.com/rcrowley/go-metrics
  version: 1f30fe9094a513ce4c700b9a54458bbb0c96996c
- name: github.com/remerge/go-worker_pool
  version: 4cf6a6108168cdb3035fae55a87c33f892dc6077
- name: github.com/remerge/go-xorshift
  version: d47546b42ea9c5e7794a31b3fac844a12f45e390
- name: github.com/Shopify/sarama
  version: 4fceb07110ff2dd7b16a5cf4f45041dbd0bda97f
  repo: https://github.com/remerge/sarama
testImports: []
