hash: 3d8c79e175c1018c1eb34225fe100ff9d862f8f196a3460d24555ef743652b34
updated: 2017-12-05T13:42:33.361620412+01:00
imports:
- name: github.com/cenkalti/backoff
  version: 309aa717adbf351e92864cbedf9cca0b769a4b5a
- name: github.com/davecgh/go-spew
  version: ecdeabc65495df2dec95d7c4a4c3e021903035e5
  subpackages:
  - spew
- name: github.com/eapache/go-resiliency
  version: b1fe83b5b03f624450823b751b662259ffc6af70
  subpackages:
  - breaker
- name: github.com/eapache/go-xerial-snappy
  version: bb955e01b9346ac19dc29eb16586c90ded99a98c
- name: github.com/eapache/queue
  version: 44cc805cf13205b55f69e14bcb69867d1ae92f98
- name: github.com/golang/snappy
  version: 553a641470496b2327abcac10b36396bd98e45c9
- name: github.com/pierrec/lz4
  version: 08c27939df1bd95e881e2c2367a749964ad1fceb
- name: github.com/pierrec/xxHash
  version: a0006b13c722f7f12368c00a3d3c2ae8a999a0c6
  subpackages:
  - xxHash32
- name: github.com/rcrowley/go-metrics
  version: e181e095bae94582363434144c61a9653aff6e50
- name: github.com/remerge/cue
  version: 2bf0689b2311d580f8c7182df1161899bbfc853f
  subpackages:
  - collector
  - format
- name: github.com/remerge/go-worker_pool
  version: 13fd6d47efa00aa9a6adbcbbd6fdca11949bb6af
- name: github.com/remerge/go-xorshift
  version: 311573fe0a94af7b7597258aaf1fc2fbee2db0d4
- name: github.com/Shopify/sarama
  version: 2b50f5a58431a97d6b7d9b8bdf0a8b61183622b2
  repo: https://github.com/remerge/sarama
- name: golang.org/x/net
  version: a8b9294777976932365dabb6640cf1468d95c70f
  subpackages:
  - context
testImports: []
