hash: 97e02bc271faedf6dfc7e256e63c31d089efa91bed27bc913c168c1f5e882717
updated: 2018-01-17T21:59:01.068891325Z
imports:
- name: github.com/aerospike/aerospike-client-go
  version: a769a21c4817057512f54a9718872175f3a48896
  subpackages:
  - internal/lua
  - internal/lua/resources
  - logger
  - pkg/bcrypt
  - pkg/ripemd160
  - types
  - types/atomic
  - types/particle_type
  - types/rand
  - utils/buffer
- name: github.com/cenkalti/backoff
  version: 2ea60e5f094469f9e65adb9cd103795b73ae743e
- name: github.com/davecgh/go-spew
  version: ecdeabc65495df2dec95d7c4a4c3e021903035e5
  subpackages:
  - spew
- name: github.com/eapache/go-resiliency
  version: ef9aaa7ea8bd2448429af1a77cf41b2b3b34bdd6
  subpackages:
  - breaker
- name: github.com/eapache/go-xerial-snappy
  version: bb955e01b9346ac19dc29eb16586c90ded99a98c
- name: github.com/eapache/queue
  version: 44cc805cf13205b55f69e14bcb69867d1ae92f98
- name: github.com/golang/snappy
  version: 553a641470496b2327abcac10b36396bd98e45c9
- name: github.com/pierrec/lz4
  version: ed8d4cc3b461464e69798080a0092bd028910298
- name: github.com/pierrec/xxHash
  version: a0006b13c722f7f12368c00a3d3c2ae8a999a0c6
  subpackages:
  - xxHash32
- name: github.com/rcrowley/go-metrics
  version: e181e095bae94582363434144c61a9653aff6e50
- name: github.com/remerge/cue
  version: 2bf0689b2311d580f8c7182df1161899bbfc853f
  subpackages:
  - collector
  - format
- name: github.com/remerge/go-lock_free_timer
  version: 198222a260ed873fd60f4b6014bcf4b550dcf01f
- name: github.com/remerge/go-worker_pool
  version: c19fd1e86fe3003c85544a9b6d059398baa828bb
- name: github.com/remerge/go-xorshift
  version: 930dc4b93c3a7faa6e3558a5b755ec6d9b536aa4
- name: github.com/Shopify/sarama
  version: 919e11f89aedafea2adbc6c2d616760efb916872
  repo: https://github.com/remerge/sarama
- name: github.com/yuin/gopher-lua
  version: 478861c8ce6e8c2f16d5984d5ed30c4327c70437
  subpackages:
  - ast
  - parse
  - pm
- name: golang.org/x/net
  version: 5ccada7d0a7ba9aeb5d3aca8d3501b4c2a509fec
  subpackages:
  - context
testImports: []
